<Solution>
  <Project Path="PhotoService.API/PhotoService.Presentation.API.csproj" />
  <Project Path="PhotoService.Application/PhotoService.Application.csproj" />
  <Project Path="PhotoService.Domain/PhotoService.Domain.csproj" />
  <Project Path="PhotoService.Infrastructure/PhotoService.Infrastructure.csproj" />
</Solution>
